// !$*UTF8*$!
{
	archiveVersion = 1;
	classes = {
	};
	objectVersion = 46;
	objects = {

/* Begin PBXBuildFile section */
		FD65B05416C6A0890046C911 /* CardMatchingGame.m in Sources */ = {isa = PBXBuildFile; fileRef = FD65B05316C6A0890046C911 /* CardMatchingGame.m */; };
		FD773B2416BD8FD30018FFD3 /* UIKit.framework in Frameworks */ = {isa = PBXBuildFile; fileRef = FD773B2316BD8FD30018FFD3 /* UIKit.framework */; };
		FD773B2616BD8FD30018FFD3 /* Foundation.framework in Frameworks */ = {isa = PBXBuildFile; fileRef = FD773B2516BD8FD30018FFD3 /* Foundation.framework */; };
		FD773B2816BD8FD30018FFD3 /* CoreGraphics.framework in Frameworks */ = {isa = PBXBuildFile; fileRef = FD773B2716BD8FD30018FFD3 /* CoreGraphics.framework */; };
		FD773B2E16BD8FD30018FFD3 /* InfoPlist.strings in Resources */ = {isa = PBXBuildFile; fileRef = FD773B2C16BD8FD30018FFD3 /* InfoPlist.strings */; };
		FD773B3016BD8FD30018FFD3 /* main.m in Sources */ = {isa = PBXBuildFile; fileRef = FD773B2F16BD8FD30018FFD3 /* main.m */; };
		FD773B3416BD8FD30018FFD3 /* CardGameAppDelegate.m in Sources */ = {isa = PBXBuildFile; fileRef = FD773B3316BD8FD30018FFD3 /* CardGameAppDelegate.m */; };
		FD773B3616BD8FD30018FFD3 /* Default.png in Resources */ = {isa = PBXBuildFile; fileRef = FD773B3516BD8FD30018FFD3 /* Default.png */; };
		FD773B3816BD8FD30018FFD3 /* Default@2x.png in Resources */ = {isa = PBXBuildFile; fileRef = FD773B3716BD8FD30018FFD3 /* Default@2x.png */; };
		FD773B3A16BD8FD30018FFD3 /* Default-568h@2x.png in Resources */ = {isa = PBXBuildFile; fileRef = FD773B3916BD8FD30018FFD3 /* Default-568h@2x.png */; };
		FD773B3D16BD8FD30018FFD3 /* MainStoryboard.storyboard in Resources */ = {isa = PBXBuildFile; fileRef = FD773B3B16BD8FD30018FFD3 /* MainStoryboard.storyboard */; };
		FD773B4016BD8FD30018FFD3 /* CardGameViewController.m in Sources */ = {isa = PBXBuildFile; fileRef = FD773B3F16BD8FD30018FFD3 /* CardGameViewController.m */; };
		FD773B4816BEA7540018FFD3 /* Card.m in Sources */ = {isa = PBXBuildFile; fileRef = FD773B4716BEA7540018FFD3 /* Card.m */; };
		FD773B4B16BEA7B10018FFD3 /* Deck.m in Sources */ = {isa = PBXBuildFile; fileRef = FD773B4A16BEA7B10018FFD3 /* Deck.m */; };
		FD773B4F16BECA7D0018FFD3 /* PlayingCard.m in Sources */ = {isa = PBXBuildFile; fileRef = FD773B4E16BECA7D0018FFD3 /* PlayingCard.m */; };
		FD773B5216C0BDAE0018FFD3 /* PlayingCardDeck.m in Sources */ = {isa = PBXBuildFile; fileRef = FD773B5116C0BDAE0018FFD3 /* PlayingCardDeck.m */; };
/* End PBXBuildFile section */

/* Begin PBXFileReference section */
		FD65B05216C6A0890046C911 /* CardMatchingGame.h */ = {isa = PBXFileReference; fileEncoding = 4; lastKnownFileType = sourcecode.c.h; name = CardMatchingGame.h; path = Model/CardMatchingGame.h; sourceTree = "<group>"; };
		FD65B05316C6A0890046C911 /* CardMatchingGame.m */ = {isa = PBXFileReference; fileEncoding = 4; lastKnownFileType = sourcecode.c.objc; name = CardMatchingGame.m; path = Model/CardMatchingGame.m; sourceTree = "<group>"; };
		FD773B2016BD8FD30018FFD3 /* Matchismo.app */ = {isa = PBXFileReference; explicitFileType = wrapper.application; includeInIndex = 0; path = Matchismo.app; sourceTree = BUILT_PRODUCTS_DIR; };
		FD773B2316BD8FD30018FFD3 /* UIKit.framework */ = {isa = PBXFileReference; lastKnownFileType = wrapper.framework; name = UIKit.framework; path = System/Library/Frameworks/UIKit.framework; sourceTree = SDKROOT; };
		FD773B2516BD8FD30018FFD3 /* Foundation.framework */ = {isa = PBXFileReference; lastKnownFileType = wrapper.framework; name = Foundation.framework; path = System/Library/Frameworks/Foundation.framework; sourceTree = SDKROOT; };
		FD773B2716BD8FD30018FFD3 /* CoreGraphics.framework */ = {isa = PBXFileReference; lastKnownFileType = wrapper.framework; name = CoreGraphics.framework; path = System/Library/Frameworks/CoreGraphics.framework; sourceTree = SDKROOT; };
		FD773B2B16BD8FD30018FFD3 /* Matchismo-Info.plist */ = {isa = PBXFileReference; lastKnownFileType = text.plist.xml; path = "Matchismo-Info.plist"; sourceTree = "<group>"; };
		FD773B2D16BD8FD30018FFD3 /* en */ = {isa = PBXFileReference; lastKnownFileType = text.plist.strings; name = en; path = en.lproj/InfoPlist.strings; sourceTree = "<group>"; };
		FD773B2F16BD8FD30018FFD3 /* main.m */ = {isa = PBXFileReference; lastKnownFileType = sourcecode.c.objc; path = main.m; sourceTree = "<group>"; };
		FD773B3116BD8FD30018FFD3 /* Matchismo-Prefix.pch */ = {isa = PBXFileReference; lastKnownFileType = sourcecode.c.h; path = "Matchismo-Prefix.pch"; sourceTree = "<group>"; };
		FD773B3216BD8FD30018FFD3 /* CardGameAppDelegate.h */ = {isa = PBXFileReference; lastKnownFileType = sourcecode.c.h; path = CardGameAppDelegate.h; sourceTree = "<group>"; };
		FD773B3316BD8FD30018FFD3 /* CardGameAppDelegate.m */ = {isa = PBXFileReference; lastKnownFileType = sourcecode.c.objc; path = CardGameAppDelegate.m; sourceTree = "<group>"; };
		FD773B3516BD8FD30018FFD3 /* Default.png */ = {isa = PBXFileReference; lastKnownFileType = image.png; path = Default.png; sourceTree = "<group>"; };
		FD773B3716BD8FD30018FFD3 /* Default@2x.png */ = {isa = PBXFileReference; lastKnownFileType = image.png; path = "Default@2x.png"; sourceTree = "<group>"; };
		FD773B3916BD8FD30018FFD3 /* Default-568h@2x.png */ = {isa = PBXFileReference; lastKnownFileType = image.png; path = "Default-568h@2x.png"; sourceTree = "<group>"; };
		FD773B3C16BD8FD30018FFD3 /* en */ = {isa = PBXFileReference; lastKnownFileType = file.storyboard; name = en; path = en.lproj/MainStoryboard.storyboard; sourceTree = "<group>"; };
		FD773B3E16BD8FD30018FFD3 /* CardGameViewController.h */ = {isa = PBXFileReference; lastKnownFileType = sourcecode.c.h; path = CardGameViewController.h; sourceTree = "<group>"; };
		FD773B3F16BD8FD30018FFD3 /* CardGameViewController.m */ = {isa = PBXFileReference; lastKnownFileType = sourcecode.c.objc; path = CardGameViewController.m; sourceTree = "<group>"; };
		FD773B4616BEA7540018FFD3 /* Card.h */ = {isa = PBXFileReference; fileEncoding = 4; lastKnownFileType = sourcecode.c.h; name = Card.h; path = Model/Card.h; sourceTree = "<group>"; };
		FD773B4716BEA7540018FFD3 /* Card.m */ = {isa = PBXFileReference; fileEncoding = 4; lastKnownFileType = sourcecode.c.objc; name = Card.m; path = Model/Card.m; sourceTree = "<group>"; };
		FD773B4916BEA7B10018FFD3 /* Deck.h */ = {isa = PBXFileReference; fileEncoding = 4; lastKnownFileType = sourcecode.c.h; name = Deck.h; path = Model/Deck.h; sourceTree = "<group>"; };
		FD773B4A16BEA7B10018FFD3 /* Deck.m */ = {isa = PBXFileReference; fileEncoding = 4; lastKnownFileType = sourcecode.c.objc; name = Deck.m; path = Model/Deck.m; sourceTree = "<group>"; };
		FD773B4D16BECA7D0018FFD3 /* PlayingCard.h */ = {isa = PBXFileReference; fileEncoding = 4; lastKnownFileType = sourcecode.c.h; name = PlayingCard.h; path = Model/PlayingCard.h; sourceTree = "<group>"; };
		FD773B4E16BECA7D0018FFD3 /* PlayingCard.m */ = {isa = PBXFileReference; fileEncoding = 4; lastKnownFileType = sourcecode.c.objc; name = PlayingCard.m; path = Model/PlayingCard.m; sourceTree = "<group>"; };
		FD773B5016C0BDAE0018FFD3 /* PlayingCardDeck.h */ = {isa = PBXFileReference; fileEncoding = 4; lastKnownFileType = sourcecode.c.h; name = PlayingCardDeck.h; path = Model/PlayingCardDeck.h; sourceTree = "<group>"; };
		FD773B5116C0BDAE0018FFD3 /* PlayingCardDeck.m */ = {isa = PBXFileReference; fileEncoding = 4; lastKnownFileType = sourcecode.c.objc; name = PlayingCardDeck.m; path = Model/PlayingCardDeck.m; sourceTree = "<group>"; };
/* End PBXFileReference section */

/* Begin PBXFrameworksBuildPhase section */
		FD773B1D16BD8FD30018FFD3 /* Frameworks */ = {
			isa = PBXFrameworksBuildPhase;
			buildActionMask = 2147483647;
			files = (
				FD773B2416BD8FD30018FFD3 /* UIKit.framework in Frameworks */,
				FD773B2616BD8FD30018FFD3 /* Foundation.framework in Frameworks */,
				FD773B2816BD8FD30018FFD3 /* CoreGraphics.framework in Frameworks */,
			);
			runOnlyForDeploymentPostprocessing = 0;
		};
/* End PBXFrameworksBuildPhase section */

/* Begin PBXGroup section */
		FD773B1716BD8FD30018FFD3 = {
			isa = PBXGroup;
			children = (
				FD773B2916BD8FD30018FFD3 /* Matchismo */,
				FD773B2216BD8FD30018FFD3 /* Frameworks */,
				FD773B2116BD8FD30018FFD3 /* Products */,
			);
			sourceTree = "<group>";
		};
		FD773B2116BD8FD30018FFD3 /* Products */ = {
			isa = PBXGroup;
			children = (
				FD773B2016BD8FD30018FFD3 /* Matchismo.app */,
			);
			name = Products;
			sourceTree = "<group>";
		};
		FD773B2216BD8FD30018FFD3 /* Frameworks */ = {
			isa = PBXGroup;
			children = (
				FD773B2316BD8FD30018FFD3 /* UIKit.framework */,
				FD773B2516BD8FD30018FFD3 /* Foundation.framework */,
				FD773B2716BD8FD30018FFD3 /* CoreGraphics.framework */,
			);
			name = Frameworks;
			sourceTree = "<group>";
		};
		FD773B2916BD8FD30018FFD3 /* Matchismo */ = {
			isa = PBXGroup;
			children = (
				FD773B3B16BD8FD30018FFD3 /* MainStoryboard.storyboard */,
				FD773B4C16BEA7DC0018FFD3 /* Model */,
				FD773B3E16BD8FD30018FFD3 /* CardGameViewController.h */,
				FD773B3F16BD8FD30018FFD3 /* CardGameViewController.m */,
				FD773B2A16BD8FD30018FFD3 /* Supporting Files */,
			);
			path = Matchismo;
			sourceTree = "<group>";
		};
		FD773B2A16BD8FD30018FFD3 /* Supporting Files */ = {
			isa = PBXGroup;
			children = (
				FD773B3216BD8FD30018FFD3 /* CardGameAppDelegate.h */,
				FD773B3316BD8FD30018FFD3 /* CardGameAppDelegate.m */,
				FD773B2B16BD8FD30018FFD3 /* Matchismo-Info.plist */,
				FD773B2C16BD8FD30018FFD3 /* InfoPlist.strings */,
				FD773B2F16BD8FD30018FFD3 /* main.m */,
				FD773B3116BD8FD30018FFD3 /* Matchismo-Prefix.pch */,
				FD773B3516BD8FD30018FFD3 /* Default.png */,
				FD773B3716BD8FD30018FFD3 /* Default@2x.png */,
				FD773B3916BD8FD30018FFD3 /* Default-568h@2x.png */,
			);
			name = "Supporting Files";
			sourceTree = "<group>";
		};
		FD773B4C16BEA7DC0018FFD3 /* Model */ = {
			isa = PBXGroup;
			children = (
				FD65B05216C6A0890046C911 /* CardMatchingGame.h */,
				FD65B05316C6A0890046C911 /* CardMatchingGame.m */,
				FD773B4616BEA7540018FFD3 /* Card.h */,
				FD773B4916BEA7B10018FFD3 /* Deck.h */,
				FD773B4A16BEA7B10018FFD3 /* Deck.m */,
				FD773B4716BEA7540018FFD3 /* Card.m */,
				FD773B4D16BECA7D0018FFD3 /* PlayingCard.h */,
				FD773B4E16BECA7D0018FFD3 /* PlayingCard.m */,
				FD773B5016C0BDAE0018FFD3 /* PlayingCardDeck.h */,
				FD773B5116C0BDAE0018FFD3 /* PlayingCardDeck.m */,
			);
			name = Model;
			sourceTree = "<group>";
		};
/* End PBXGroup section */

/* Begin PBXNativeTarget section */
		FD773B1F16BD8FD30018FFD3 /* Matchismo */ = {
			isa = PBXNativeTarget;
			buildConfigurationList = FD773B4316BD8FD30018FFD3 /* Build configuration list for PBXNativeTarget "Matchismo" */;
			buildPhases = (
				FD773B1C16BD8FD30018FFD3 /* Sources */,
				FD773B1D16BD8FD30018FFD3 /* Frameworks */,
				FD773B1E16BD8FD30018FFD3 /* Resources */,
			);
			buildRules = (
			);
			dependencies = (
			);
			name = Matchismo;
			productName = Matchismo;
			productReference = FD773B2016BD8FD30018FFD3 /* Matchismo.app */;
			productType = "com.apple.product-type.application";
		};
/* End PBXNativeTarget section */

/* Begin PBXProject section */
		FD773B1816BD8FD30018FFD3 /* Project object */ = {
			isa = PBXProject;
			attributes = {
				CLASSPREFIX = CardGame;
				LastUpgradeCheck = 0460;
				ORGANIZATIONNAME = "Mahesh Murthy";
			};
			buildConfigurationList = FD773B1B16BD8FD30018FFD3 /* Build configuration list for PBXProject "Matchismo" */;
			compatibilityVersion = "Xcode 3.2";
			developmentRegion = English;
			hasScannedForEncodings = 0;
			knownRegions = (
				en,
			);
			mainGroup = FD773B1716BD8FD30018FFD3;
			productRefGroup = FD773B2116BD8FD30018FFD3 /* Products */;
			projectDirPath = "";
			projectRoot = "";
			targets = (
				FD773B1F16BD8FD30018FFD3 /* Matchismo */,
			);
		};
/* End PBXProject section */

/* Begin PBXResourcesBuildPhase section */
		FD773B1E16BD8FD30018FFD3 /* Resources */ = {
			isa = PBXResourcesBuildPhase;
			buildActionMask = 2147483647;
			files = (
				FD773B2E16BD8FD30018FFD3 /* InfoPlist.strings in Resources */,
				FD773B3616BD8FD30018FFD3 /* Default.png in Resources */,
				FD773B3816BD8FD30018FFD3 /* Default@2x.png in Resources */,
				FD773B3A16BD8FD30018FFD3 /* Default-568h@2x.png in Resources */,
				FD773B3D16BD8FD30018FFD3 /* MainStoryboard.storyboard in Resources */,
			);
			runOnlyForDeploymentPostprocessing = 0;
		};
/* End PBXResourcesBuildPhase section */

/* Begin PBXSourcesBuildPhase section */
		FD773B1C16BD8FD30018FFD3 /* Sources */ = {
			isa = PBXSourcesBuildPhase;
			buildActionMask = 2147483647;
			files = (
				FD773B3016BD8FD30018FFD3 /* main.m in Sources */,
				FD773B3416BD8FD30018FFD3 /* CardGameAppDelegate.m in Sources */,
				FD773B4016BD8FD30018FFD3 /* CardGameViewController.m in Sources */,
				FD773B4816BEA7540018FFD3 /* Card.m in Sources */,
				FD773B4B16BEA7B10018FFD3 /* Deck.m in Sources */,
				FD773B4F16BECA7D0018FFD3 /* PlayingCard.m in Sources */,
				FD773B5216C0BDAE0018FFD3 /* PlayingCardDeck.m in Sources */,
				FD65B05416C6A0890046C911 /* CardMatchingGame.m in Sources */,
			);
			runOnlyForDeploymentPostprocessing = 0;
		};
/* End PBXSourcesBuildPhase section */

/* Begin PBXVariantGroup section */
		FD773B2C16BD8FD30018FFD3 /* InfoPlist.strings */ = {
			isa = PBXVariantGroup;
			children = (
				FD773B2D16BD8FD30018FFD3 /* en */,
			);
			name = InfoPlist.strings;
			sourceTree = "<group>";
		};
		FD773B3B16BD8FD30018FFD3 /* MainStoryboard.storyboard */ = {
			isa = PBXVariantGroup;
			children = (
				FD773B3C16BD8FD30018FFD3 /* en */,
			);
			name = MainStoryboard.storyboard;
			sourceTree = "<group>";
		};
/* End PBXVariantGroup section */

/* Begin XCBuildConfiguration section */
		FD773B4116BD8FD30018FFD3 /* Debug */ = {
			isa = XCBuildConfiguration;
			buildSettings = {
				ALWAYS_SEARCH_USER_PATHS = NO;
				CLANG_CXX_LANGUAGE_STANDARD = "gnu++0x";
				CLANG_CXX_LIBRARY = "libc++";
				CLANG_ENABLE_OBJC_ARC = YES;
				CLANG_WARN_CONSTANT_CONVERSION = YES;
				CLANG_WARN_EMPTY_BODY = YES;
				CLANG_WARN_ENUM_CONVERSION = YES;
				CLANG_WARN_INT_CONVERSION = YES;
				CLANG_WARN__DUPLICATE_METHOD_MATCH = YES;
				"CODE_SIGN_IDENTITY[sdk=iphoneos*]" = "iPhone Developer";
				COPY_PHASE_STRIP = NO;
				GCC_C_LANGUAGE_STANDARD = gnu99;
				GCC_DYNAMIC_NO_PIC = NO;
				GCC_OPTIMIZATION_LEVEL = 0;
				GCC_PREPROCESSOR_DEFINITIONS = (
					"DEBUG=1",
					"$(inherited)",
				);
				GCC_SYMBOLS_PRIVATE_EXTERN = NO;
				GCC_WARN_ABOUT_RETURN_TYPE = YES;
				GCC_WARN_UNINITIALIZED_AUTOS = YES;
				GCC_WARN_UNUSED_VARIABLE = YES;
				IPHONEOS_DEPLOYMENT_TARGET = 6.1;
				ONLY_ACTIVE_ARCH = YES;
				SDKROOT = iphoneos;
			};
			name = Debug;
		};
		FD773B4216BD8FD30018FFD3 /* Release */ = {
			isa = XCBuildConfiguration;
			buildSettings = {
				ALWAYS_SEARCH_USER_PATHS = NO;
				CLANG_CXX_LANGUAGE_STANDARD = "gnu++0x";
				CLANG_CXX_LIBRARY = "libc++";
				CLANG_ENABLE_OBJC_ARC = YES;
				CLANG_WARN_CONSTANT_CONVERSION = YES;
				CLANG_WARN_EMPTY_BODY = YES;
				CLANG_WARN_ENUM_CONVERSION = YES;
				CLANG_WARN_INT_CONVERSION = YES;
				CLANG_WARN__DUPLICATE_METHOD_MATCH = YES;
				"CODE_SIGN_IDENTITY[sdk=iphoneos*]" = "iPhone Developer";
				COPY_PHASE_STRIP = YES;
				GCC_C_LANGUAGE_STANDARD = gnu99;
				GCC_WARN_ABOUT_RETURN_TYPE = YES;
				GCC_WARN_UNINITIALIZED_AUTOS = YES;
				GCC_WARN_UNUSED_VARIABLE = YES;
				IPHONEOS_DEPLOYMENT_TARGET = 6.1;
				OTHER_CFLAGS = "-DNS_BLOCK_ASSERTIONS=1";
				SDKROOT = iphoneos;
				VALIDATE_PRODUCT = YES;
			};
			name = Release;
		};
		FD773B4416BD8FD30018FFD3 /* Debug */ = {
			isa = XCBuildConfiguration;
			buildSettings = {
				GCC_PRECOMPILE_PREFIX_HEADER = YES;
				GCC_PREFIX_HEADER = "Matchismo/Matchismo-Prefix.pch";
				INFOPLIST_FILE = "Matchismo/Matchismo-Info.plist";
				PRODUCT_NAME = "$(TARGET_NAME)";
				WRAPPER_EXTENSION = app;
			};
			name = Debug;
		};
		FD773B4516BD8FD30018FFD3 /* Release */ = {
			isa = XCBuildConfiguration;
			buildSettings = {
				GCC_PRECOMPILE_PREFIX_HEADER = YES;
				GCC_PREFIX_HEADER = "Matchismo/Matchismo-Prefix.pch";
				INFOPLIST_FILE = "Matchismo/Matchismo-Info.plist";
				PRODUCT_NAME = "$(TARGET_NAME)";
				WRAPPER_EXTENSION = app;
			};
			name = Release;
		};
/* End XCBuildConfiguration section */

/* Begin XCConfigurationList section */
		FD773B1B16BD8FD30018FFD3 /* Build configuration list for PBXProject "Matchismo" */ = {
			isa = XCConfigurationList;
			buildConfigurations = (
				FD773B4116BD8FD30018FFD3 /* Debug */,
				FD773B4216BD8FD30018FFD3 /* Release */,
			);
			defaultConfigurationIsVisible = 0;
			defaultConfigurationName = Release;
		};
		FD773B4316BD8FD30018FFD3 /* Build configuration list for PBXNativeTarget "Matchismo" */ = {
			isa = XCConfigurationList;
			buildConfigurations = (
				FD773B4416BD8FD30018FFD3 /* Debug */,
				FD773B4516BD8FD30018FFD3 /* Release */,
			);
			defaultConfigurationIsVisible = 0;
			defaultConfigurationName = Release;
		};
/* End XCConfigurationList section */
	};
	rootObject = FD773B1816BD8FD30018FFD3 /* Project object */;
}
